// !$*UTF8*$!
{
	archiveVersion = 1;
	classes = {
	};
	objectVersion = 56;
	objects = {

/* Begin PBXBuildFile section */
		38199B3129FDA14200603767 /* hikeData.json in Resources */ = {isa = PBXBuildFile; fileRef = 38199B3029FDA14200603767 /* hikeData.json */; };
		38199B3329FDA21100603767 /* Hike.swift in Sources */ = {isa = PBXBuildFile; fileRef = 38199B3229FDA21100603767 /* Hike.swift */; };
		381FF0A229FDAA3A004C690D /* GraphCapsule.swift in Sources */ = {isa = PBXBuildFile; fileRef = 381FF0A129FDAA3A004C690D /* GraphCapsule.swift */; };
		381FF0A429FDAA61004C690D /* HikeDetail.swift in Sources */ = {isa = PBXBuildFile; fileRef = 381FF0A329FDAA61004C690D /* HikeDetail.swift */; };
		381FF0A629FDAA8C004C690D /* HikeGraph.swift in Sources */ = {isa = PBXBuildFile; fileRef = 381FF0A529FDAA8C004C690D /* HikeGraph.swift */; };
		381FF0A829FDAA9C004C690D /* HikeView.swift in Sources */ = {isa = PBXBuildFile; fileRef = 381FF0A729FDAA9C004C690D /* HikeView.swift */; };
		384129A829EC1B990038162B /* LandmarkApp.swift in Sources */ = {isa = PBXBuildFile; fileRef = 384129A729EC1B990038162B /* LandmarkApp.swift */; };
		384129AA29EC1B990038162B /* ContentView.swift in Sources */ = {isa = PBXBuildFile; fileRef = 384129A929EC1B990038162B /* ContentView.swift */; };
		384129AC29EC1B9B0038162B /* Assets.xcassets in Resources */ = {isa = PBXBuildFile; fileRef = 384129AB29EC1B9B0038162B /* Assets.xcassets */; };
		384129AF29EC1B9B0038162B /* Preview Assets.xcassets in Resources */ = {isa = PBXBuildFile; fileRef = 384129AE29EC1B9B0038162B /* Preview Assets.xcassets */; };
		384129B829EC1C560038162B /* LandmarkList.swift in Sources */ = {isa = PBXBuildFile; fileRef = 384129B729EC1C560038162B /* LandmarkList.swift */; };
		384129BA29EC1C8E0038162B /* LandmarkRow.swift in Sources */ = {isa = PBXBuildFile; fileRef = 384129B929EC1C8E0038162B /* LandmarkRow.swift */; };
		384129BC29EC1CA30038162B /* LandmarkDetail.swift in Sources */ = {isa = PBXBuildFile; fileRef = 384129BB29EC1CA30038162B /* LandmarkDetail.swift */; };
		384129BE29EC1CE20038162B /* CircleImage.swift in Sources */ = {isa = PBXBuildFile; fileRef = 384129BD29EC1CE20038162B /* CircleImage.swift */; };
		384129C029EC1D050038162B /* MapView.swift in Sources */ = {isa = PBXBuildFile; fileRef = 384129BF29EC1D050038162B /* MapView.swift */; };
		384129C229EC1D1F0038162B /* FavouriteButton.swift in Sources */ = {isa = PBXBuildFile; fileRef = 384129C129EC1D1F0038162B /* FavouriteButton.swift */; };
		384129C529EC1DCD0038162B /* ModelData.swift in Sources */ = {isa = PBXBuildFile; fileRef = 384129C429EC1DCD0038162B /* ModelData.swift */; };
		384129C729EC1DDD0038162B /* Landmark.swift in Sources */ = {isa = PBXBuildFile; fileRef = 384129C629EC1DDD0038162B /* Landmark.swift */; };
		384129CB29EC1FC90038162B /* landmarkData.json in Resources */ = {isa = PBXBuildFile; fileRef = 384129CA29EC1FC90038162B /* landmarkData.json */; };
		384129E729ED4C600038162B /* HexagonParameters.swfit..swift in Sources */ = {isa = PBXBuildFile; fileRef = 384129E629ED4C600038162B /* HexagonParameters.swfit..swift */; };
		384129E929ED4DF10038162B /* BadgeBackground.swift..swift in Sources */ = {isa = PBXBuildFile; fileRef = 384129E829ED4DF10038162B /* BadgeBackground.swift..swift */; };
		384129EB29ED51950038162B /* BadgeSymbol.swift in Sources */ = {isa = PBXBuildFile; fileRef = 384129EA29ED51950038162B /* BadgeSymbol.swift */; };
		384129ED29ED522A0038162B /* RotatedBadgeSymbol.swift in Sources */ = {isa = PBXBuildFile; fileRef = 384129EC29ED522A0038162B /* RotatedBadgeSymbol.swift */; };
		384129EF29ED52640038162B /* Badge.swift in Sources */ = {isa = PBXBuildFile; fileRef = 384129EE29ED52640038162B /* Badge.swift */; };
/* End PBXBuildFile section */

/* Begin PBXFileReference section */
		38199B3029FDA14200603767 /* hikeData.json */ = {isa = PBXFileReference; fileEncoding = 4; lastKnownFileType = text.json; path = hikeData.json; sourceTree = "<group>"; };
		38199B3229FDA21100603767 /* Hike.swift */ = {isa = PBXFileReference; lastKnownFileType = sourcecode.swift; path = Hike.swift; sourceTree = "<group>"; };
		381FF0A129FDAA3A004C690D /* GraphCapsule.swift */ = {isa = PBXFileReference; lastKnownFileType = sourcecode.swift; path = GraphCapsule.swift; sourceTree = "<group>"; };
		381FF0A329FDAA61004C690D /* HikeDetail.swift */ = {isa = PBXFileReference; lastKnownFileType = sourcecode.swift; path = HikeDetail.swift; sourceTree = "<group>"; };
		381FF0A529FDAA8C004C690D /* HikeGraph.swift */ = {isa = PBXFileReference; lastKnownFileType = sourcecode.swift; path = HikeGraph.swift; sourceTree = "<group>"; };
		381FF0A729FDAA9C004C690D /* HikeView.swift */ = {isa = PBXFileReference; lastKnownFileType = sourcecode.swift; path = HikeView.swift; sourceTree = "<group>"; };
		384129A429EC1B990038162B /* Landmark app.app */ = {isa = PBXFileReference; explicitFileType = wrapper.application; includeInIndex = 0; path = "Landmark app.app"; sourceTree = BUILT_PRODUCTS_DIR; };
		384129A729EC1B990038162B /* LandmarkApp.swift */ = {isa = PBXFileReference; lastKnownFileType = sourcecode.swift; path = LandmarkApp.swift; sourceTree = "<group>"; };
		384129A929EC1B990038162B /* ContentView.swift */ = {isa = PBXFileReference; lastKnownFileType = sourcecode.swift; path = ContentView.swift; sourceTree = "<group>"; };
		384129AB29EC1B9B0038162B /* Assets.xcassets */ = {isa = PBXFileReference; lastKnownFileType = folder.assetcatalog; path = Assets.xcassets; sourceTree = "<group>"; };
		384129AE29EC1B9B0038162B /* Preview Assets.xcassets */ = {isa = PBXFileReference; lastKnownFileType = folder.assetcatalog; path = "Preview Assets.xcassets"; sourceTree = "<group>"; };
		384129B729EC1C560038162B /* LandmarkList.swift */ = {isa = PBXFileReference; lastKnownFileType = sourcecode.swift; path = LandmarkList.swift; sourceTree = "<group>"; };
		384129B929EC1C8E0038162B /* LandmarkRow.swift */ = {isa = PBXFileReference; lastKnownFileType = sourcecode.swift; path = LandmarkRow.swift; sourceTree = "<group>"; };
		384129BB29EC1CA30038162B /* LandmarkDetail.swift */ = {isa = PBXFileReference; lastKnownFileType = sourcecode.swift; path = LandmarkDetail.swift; sourceTree = "<group>"; };
		384129BD29EC1CE20038162B /* CircleImage.swift */ = {isa = PBXFileReference; lastKnownFileType = sourcecode.swift; path = CircleImage.swift; sourceTree = "<group>"; };
		384129BF29EC1D050038162B /* MapView.swift */ = {isa = PBXFileReference; lastKnownFileType = sourcecode.swift; path = MapView.swift; sourceTree = "<group>"; };
		384129C129EC1D1F0038162B /* FavouriteButton.swift */ = {isa = PBXFileReference; lastKnownFileType = sourcecode.swift; path = FavouriteButton.swift; sourceTree = "<group>"; };
		384129C429EC1DCD0038162B /* ModelData.swift */ = {isa = PBXFileReference; lastKnownFileType = sourcecode.swift; path = ModelData.swift; sourceTree = "<group>"; };
		384129C629EC1DDD0038162B /* Landmark.swift */ = {isa = PBXFileReference; lastKnownFileType = sourcecode.swift; path = Landmark.swift; sourceTree = "<group>"; };
		384129CA29EC1FC90038162B /* landmarkData.json */ = {isa = PBXFileReference; fileEncoding = 4; lastKnownFileType = text.json; path = landmarkData.json; sourceTree = "<group>"; };
		384129E629ED4C600038162B /* HexagonParameters.swfit..swift */ = {isa = PBXFileReference; lastKnownFileType = sourcecode.swift; path = HexagonParameters.swfit..swift; sourceTree = "<group>"; };
		384129E829ED4DF10038162B /* BadgeBackground.swift..swift */ = {isa = PBXFileReference; lastKnownFileType = sourcecode.swift; path = BadgeBackground.swift..swift; sourceTree = "<group>"; };
		384129EA29ED51950038162B /* BadgeSymbol.swift */ = {isa = PBXFileReference; lastKnownFileType = sourcecode.swift; path = BadgeSymbol.swift; sourceTree = "<group>"; };
		384129EC29ED522A0038162B /* RotatedBadgeSymbol.swift */ = {isa = PBXFileReference; lastKnownFileType = sourcecode.swift; path = RotatedBadgeSymbol.swift; sourceTree = "<group>"; };
		384129EE29ED52640038162B /* Badge.swift */ = {isa = PBXFileReference; lastKnownFileType = sourcecode.swift; path = Badge.swift; sourceTree = "<group>"; };
/* End PBXFileReference section */

/* Begin PBXFrameworksBuildPhase section */
		384129A129EC1B990038162B /* Frameworks */ = {
			isa = PBXFrameworksBuildPhase;
			buildActionMask = 2147483647;
			files = (
			);
			runOnlyForDeploymentPostprocessing = 0;
		};
/* End PBXFrameworksBuildPhase section */

/* Begin PBXGroup section */
		381FF0A929FDAB05004C690D /* Hikes */ = {
			isa = PBXGroup;
			children = (
				381FF0A529FDAA8C004C690D /* HikeGraph.swift */,
				381FF0A329FDAA61004C690D /* HikeDetail.swift */,
				381FF0A129FDAA3A004C690D /* GraphCapsule.swift */,
				381FF0A729FDAA9C004C690D /* HikeView.swift */,
			);
			path = Hikes;
			sourceTree = "<group>";
		};
		3841299B29EC1B990038162B = {
			isa = PBXGroup;
			children = (
				38199B3229FDA21100603767 /* Hike.swift */,
				384129A629EC1B990038162B /* Landmark app */,
				384129A529EC1B990038162B /* Products */,
			);
			sourceTree = "<group>";
		};
		384129A529EC1B990038162B /* Products */ = {
			isa = PBXGroup;
			children = (
				384129A429EC1B990038162B /* Landmark app.app */,
			);
			name = Products;
			sourceTree = "<group>";
		};
		384129A629EC1B990038162B /* Landmark app */ = {
			isa = PBXGroup;
			children = (
				384129A729EC1B990038162B /* LandmarkApp.swift */,
				384129B529EC1BD70038162B /* Views */,
				384129AD29EC1B9B0038162B /* Preview Content */,
			);
			path = "Landmark app";
			sourceTree = "<group>";
		};
		384129AD29EC1B9B0038162B /* Preview Content */ = {
			isa = PBXGroup;
			children = (
				384129AE29EC1B9B0038162B /* Preview Assets.xcassets */,
			);
			path = "Preview Content";
			sourceTree = "<group>";
		};
		384129B529EC1BD70038162B /* Views */ = {
			isa = PBXGroup;
			children = (
				381FF0A929FDAB05004C690D /* Hikes */,
				384129A929EC1B990038162B /* ContentView.swift */,
				384129B629EC1C180038162B /* Landmarks */,
				384129C929EC1E610038162B /* Resources */,
			);
			path = Views;
			sourceTree = "<group>";
		};
		384129B629EC1C180038162B /* Landmarks */ = {
			isa = PBXGroup;
			children = (
				384129B729EC1C560038162B /* LandmarkList.swift */,
				384129B929EC1C8E0038162B /* LandmarkRow.swift */,
				384129BB29EC1CA30038162B /* LandmarkDetail.swift */,
				384129F029ED53020038162B /* Badges */,
				384129C329EC1D370038162B /* Helpers */,
				384129C829EC1DEC0038162B /* Model */,
			);
			path = Landmarks;
			sourceTree = "<group>";
		};
		384129C329EC1D370038162B /* Helpers */ = {
			isa = PBXGroup;
			children = (
				384129BD29EC1CE20038162B /* CircleImage.swift */,
				384129BF29EC1D050038162B /* MapView.swift */,
				384129C129EC1D1F0038162B /* FavouriteButton.swift */,
			);
			path = Helpers;
			sourceTree = "<group>";
		};
		384129C829EC1DEC0038162B /* Model */ = {
			isa = PBXGroup;
			children = (
				384129C429EC1DCD0038162B /* ModelData.swift */,
				384129C629EC1DDD0038162B /* Landmark.swift */,
			);
			path = Model;
			sourceTree = "<group>";
		};
		384129C929EC1E610038162B /* Resources */ = {
			isa = PBXGroup;
			children = (
				384129CA29EC1FC90038162B /* landmarkData.json */,
				38199B3029FDA14200603767 /* hikeData.json */,
				384129AB29EC1B9B0038162B /* Assets.xcassets */,
			);
			path = Resources;
			sourceTree = "<group>";
		};
		384129F029ED53020038162B /* Badges */ = {
			isa = PBXGroup;
			children = (
				384129EE29ED52640038162B /* Badge.swift */,
				384129E829ED4DF10038162B /* BadgeBackground.swift..swift */,
				384129EA29ED51950038162B /* BadgeSymbol.swift */,
				384129EC29ED522A0038162B /* RotatedBadgeSymbol.swift */,
				384129E629ED4C600038162B /* HexagonParameters.swfit..swift */,
			);
			path = Badges;
			sourceTree = "<group>";
		};
/* End PBXGroup section */

/* Begin PBXNativeTarget section */
		384129A329EC1B990038162B /* Landmark app */ = {
			isa = PBXNativeTarget;
			buildConfigurationList = 384129B229EC1B9B0038162B /* Build configuration list for PBXNativeTarget "Landmark app" */;
			buildPhases = (
				384129A029EC1B990038162B /* Sources */,
				384129A129EC1B990038162B /* Frameworks */,
				384129A229EC1B990038162B /* Resources */,
			);
			buildRules = (
			);
			dependencies = (
			);
			name = "Landmark app";
			productName = "Landmark app";
			productReference = 384129A429EC1B990038162B /* Landmark app.app */;
			productType = "com.apple.product-type.application";
		};
/* End PBXNativeTarget section */

/* Begin PBXProject section */
		3841299C29EC1B990038162B /* Project object */ = {
			isa = PBXProject;
			attributes = {
				BuildIndependentTargetsInParallel = 1;
				LastSwiftUpdateCheck = 1420;
				LastUpgradeCheck = 1420;
				TargetAttributes = {
					384129A329EC1B990038162B = {
						CreatedOnToolsVersion = 14.2;
					};
				};
			};
			buildConfigurationList = 3841299F29EC1B990038162B /* Build configuration list for PBXProject "Landmark app" */;
			compatibilityVersion = "Xcode 14.0";
			developmentRegion = en;
			hasScannedForEncodings = 0;
			knownRegions = (
				en,
				Base,
			);
			mainGroup = 3841299B29EC1B990038162B;
			productRefGroup = 384129A529EC1B990038162B /* Products */;
			projectDirPath = "";
			projectRoot = "";
			targets = (
				384129A329EC1B990038162B /* Landmark app */,
			);
		};
/* End PBXProject section */

/* Begin PBXResourcesBuildPhase section */
		384129A229EC1B990038162B /* Resources */ = {
			isa = PBXResourcesBuildPhase;
			buildActionMask = 2147483647;
			files = (
				38199B3129FDA14200603767 /* hikeData.json in Resources */,
				384129AF29EC1B9B0038162B /* Preview Assets.xcassets in Resources */,
				384129AC29EC1B9B0038162B /* Assets.xcassets in Resources */,
				384129CB29EC1FC90038162B /* landmarkData.json in Resources */,
			);
			runOnlyForDeploymentPostprocessing = 0;
		};
/* End PBXResourcesBuildPhase section */

/* Begin PBXSourcesBuildPhase section */
		384129A029EC1B990038162B /* Sources */ = {
			isa = PBXSourcesBuildPhase;
			buildActionMask = 2147483647;
			files = (
				384129C029EC1D050038162B /* MapView.swift in Sources */,
				384129EF29ED52640038162B /* Badge.swift in Sources */,
				384129AA29EC1B990038162B /* ContentView.swift in Sources */,
				381FF0A229FDAA3A004C690D /* GraphCapsule.swift in Sources */,
				381FF0A629FDAA8C004C690D /* HikeGraph.swift in Sources */,
				384129C529EC1DCD0038162B /* ModelData.swift in Sources */,
				384129B829EC1C560038162B /* LandmarkList.swift in Sources */,
				384129C229EC1D1F0038162B /* FavouriteButton.swift in Sources */,
				38199B3329FDA21100603767 /* Hike.swift in Sources */,
				384129ED29ED522A0038162B /* RotatedBadgeSymbol.swift in Sources */,
				384129EB29ED51950038162B /* BadgeSymbol.swift in Sources */,
				384129E729ED4C600038162B /* HexagonParameters.swfit..swift in Sources */,
				381FF0A429FDAA61004C690D /* HikeDetail.swift in Sources */,
				381FF0A829FDAA9C004C690D /* HikeView.swift in Sources */,
				384129BA29EC1C8E0038162B /* LandmarkRow.swift in Sources */,
				384129E929ED4DF10038162B /* BadgeBackground.swift..swift in Sources */,
				384129BC29EC1CA30038162B /* LandmarkDetail.swift in Sources */,
				384129A829EC1B990038162B /* LandmarkApp.swift in Sources */,
				384129BE29EC1CE20038162B /* CircleImage.swift in Sources */,
				384129C729EC1DDD0038162B /* Landmark.swift in Sources */,
			);
			runOnlyForDeploymentPostprocessing = 0;
		};
/* End PBXSourcesBuildPhase section */

/* Begin XCBuildConfiguration section */
		384129B029EC1B9B0038162B /* Debug */ = {
			isa = XCBuildConfiguration;
			buildSettings = {
				ALWAYS_SEARCH_USER_PATHS = NO;
				CLANG_ANALYZER_NONNULL = YES;
				CLANG_ANALYZER_NUMBER_OBJECT_CONVERSION = YES_AGGRESSIVE;
				CLANG_CXX_LANGUAGE_STANDARD = "gnu++20";
				CLANG_ENABLE_MODULES = YES;
				CLANG_ENABLE_OBJC_ARC = YES;
				CLANG_ENABLE_OBJC_WEAK = YES;
				CLANG_WARN_BLOCK_CAPTURE_AUTORELEASING = YES;
				CLANG_WARN_BOOL_CONVERSION = YES;
				CLANG_WARN_COMMA = YES;
				CLANG_WARN_CONSTANT_CONVERSION = YES;
				CLANG_WARN_DEPRECATED_OBJC_IMPLEMENTATIONS = YES;
				CLANG_WARN_DIRECT_OBJC_ISA_USAGE = YES_ERROR;
				CLANG_WARN_DOCUMENTATION_COMMENTS = YES;
				CLANG_WARN_EMPTY_BODY = YES;
				CLANG_WARN_ENUM_CONVERSION = YES;
				CLANG_WARN_INFINITE_RECURSION = YES;
				CLANG_WARN_INT_CONVERSION = YES;
				CLANG_WARN_NON_LITERAL_NULL_CONVERSION = YES;
				CLANG_WARN_OBJC_IMPLICIT_RETAIN_SELF = YES;
				CLANG_WARN_OBJC_LITERAL_CONVERSION = YES;
				CLANG_WARN_OBJC_ROOT_CLASS = YES_ERROR;
				CLANG_WARN_QUOTED_INCLUDE_IN_FRAMEWORK_HEADER = YES;
				CLANG_WARN_RANGE_LOOP_ANALYSIS = YES;
				CLANG_WARN_STRICT_PROTOTYPES = YES;
				CLANG_WARN_SUSPICIOUS_MOVE = YES;
				CLANG_WARN_UNGUARDED_AVAILABILITY = YES_AGGRESSIVE;
				CLANG_WARN_UNREACHABLE_CODE = YES;
				CLANG_WARN__DUPLICATE_METHOD_MATCH = YES;
				COPY_PHASE_STRIP = NO;
				DEBUG_INFORMATION_FORMAT = dwarf;
				ENABLE_STRICT_OBJC_MSGSEND = YES;
				ENABLE_TESTABILITY = YES;
				GCC_C_LANGUAGE_STANDARD = gnu11;
				GCC_DYNAMIC_NO_PIC = NO;
				GCC_NO_COMMON_BLOCKS = YES;
				GCC_OPTIMIZATION_LEVEL = 0;
				GCC_PREPROCESSOR_DEFINITIONS = (
					"DEBUG=1",
					"$(inherited)",
				);
				GCC_WARN_64_TO_32_BIT_CONVERSION = YES;
				GCC_WARN_ABOUT_RETURN_TYPE = YES_ERROR;
				GCC_WARN_UNDECLARED_SELECTOR = YES;
				GCC_WARN_UNINITIALIZED_AUTOS = YES_AGGRESSIVE;
				GCC_WARN_UNUSED_FUNCTION = YES;
				GCC_WARN_UNUSED_VARIABLE = YES;
				IPHONEOS_DEPLOYMENT_TARGET = 16.2;
				MTL_ENABLE_DEBUG_INFO = INCLUDE_SOURCE;
				MTL_FAST_MATH = YES;
				ONLY_ACTIVE_ARCH = YES;
				SDKROOT = iphoneos;
				SWIFT_ACTIVE_COMPILATION_CONDITIONS = DEBUG;
				SWIFT_OPTIMIZATION_LEVEL = "-Onone";
			};
			name = Debug;
		};
		384129B129EC1B9B0038162B /* Release */ = {
			isa = XCBuildConfiguration;
			buildSettings = {
				ALWAYS_SEARCH_USER_PATHS = NO;
				CLANG_ANALYZER_NONNULL = YES;
				CLANG_ANALYZER_NUMBER_OBJECT_CONVERSION = YES_AGGRESSIVE;
				CLANG_CXX_LANGUAGE_STANDARD = "gnu++20";
				CLANG_ENABLE_MODULES = YES;
				CLANG_ENABLE_OBJC_ARC = YES;
				CLANG_ENABLE_OBJC_WEAK = YES;
				CLANG_WARN_BLOCK_CAPTURE_AUTORELEASING = YES;
				CLANG_WARN_BOOL_CONVERSION = YES;
				CLANG_WARN_COMMA = YES;
				CLANG_WARN_CONSTANT_CONVERSION = YES;
				CLANG_WARN_DEPRECATED_OBJC_IMPLEMENTATIONS = YES;
				CLANG_WARN_DIRECT_OBJC_ISA_USAGE = YES_ERROR;
				CLANG_WARN_DOCUMENTATION_COMMENTS = YES;
				CLANG_WARN_EMPTY_BODY = YES;
				CLANG_WARN_ENUM_CONVERSION = YES;
				CLANG_WARN_INFINITE_RECURSION = YES;
				CLANG_WARN_INT_CONVERSION = YES;
				CLANG_WARN_NON_LITERAL_NULL_CONVERSION = YES;
				CLANG_WARN_OBJC_IMPLICIT_RETAIN_SELF = YES;
				CLANG_WARN_OBJC_LITERAL_CONVERSION = YES;
				CLANG_WARN_OBJC_ROOT_CLASS = YES_ERROR;
				CLANG_WARN_QUOTED_INCLUDE_IN_FRAMEWORK_HEADER = YES;
				CLANG_WARN_RANGE_LOOP_ANALYSIS = YES;
				CLANG_WARN_STRICT_PROTOTYPES = YES;
				CLANG_WARN_SUSPICIOUS_MOVE = YES;
				CLANG_WARN_UNGUARDED_AVAILABILITY = YES_AGGRESSIVE;
				CLANG_WARN_UNREACHABLE_CODE = YES;
				CLANG_WARN__DUPLICATE_METHOD_MATCH = YES;
				COPY_PHASE_STRIP = NO;
				DEBUG_INFORMATION_FORMAT = "dwarf-with-dsym";
				ENABLE_NS_ASSERTIONS = NO;
				ENABLE_STRICT_OBJC_MSGSEND = YES;
				GCC_C_LANGUAGE_STANDARD = gnu11;
				GCC_NO_COMMON_BLOCKS = YES;
				GCC_WARN_64_TO_32_BIT_CONVERSION = YES;
				GCC_WARN_ABOUT_RETURN_TYPE = YES_ERROR;
				GCC_WARN_UNDECLARED_SELECTOR = YES;
				GCC_WARN_UNINITIALIZED_AUTOS = YES_AGGRESSIVE;
				GCC_WARN_UNUSED_FUNCTION = YES;
				GCC_WARN_UNUSED_VARIABLE = YES;
				IPHONEOS_DEPLOYMENT_TARGET = 16.2;
				MTL_ENABLE_DEBUG_INFO = NO;
				MTL_FAST_MATH = YES;
				SDKROOT = iphoneos;
				SWIFT_COMPILATION_MODE = wholemodule;
				SWIFT_OPTIMIZATION_LEVEL = "-O";
				VALIDATE_PRODUCT = YES;
			};
			name = Release;
		};
		384129B329EC1B9B0038162B /* Debug */ = {
			isa = XCBuildConfiguration;
			buildSettings = {
				ASSETCATALOG_COMPILER_APPICON_NAME = AppIcon;
				ASSETCATALOG_COMPILER_GLOBAL_ACCENT_COLOR_NAME = AccentColor;
				CODE_SIGN_STYLE = Automatic;
				CURRENT_PROJECT_VERSION = 1;
				DEVELOPMENT_ASSET_PATHS = "\"Landmark app/Preview Content\"";
				DEVELOPMENT_TEAM = UX9T3R6839;
				ENABLE_PREVIEWS = YES;
				GENERATE_INFOPLIST_FILE = YES;
				INFOPLIST_KEY_UIApplicationSceneManifest_Generation = YES;
				INFOPLIST_KEY_UIApplicationSupportsIndirectInputEvents = YES;
				INFOPLIST_KEY_UILaunchScreen_Generation = YES;
				INFOPLIST_KEY_UISupportedInterfaceOrientations_iPad = "UIInterfaceOrientationPortrait UIInterfaceOrientationPortraitUpsideDown UIInterfaceOrientationLandscapeLeft UIInterfaceOrientationLandscapeRight";
				INFOPLIST_KEY_UISupportedInterfaceOrientations_iPhone = "UIInterfaceOrientationPortrait UIInterfaceOrientationLandscapeLeft UIInterfaceOrientationLandscapeRight";
				LD_RUNPATH_SEARCH_PATHS = (
					"$(inherited)",
					"@executable_path/Frameworks",
				);
				MARKETING_VERSION = 1.0;
				PRODUCT_BUNDLE_IDENTIFIER = "com.grey.Landmark-app";
				PRODUCT_NAME = "$(TARGET_NAME)";
				SWIFT_EMIT_LOC_STRINGS = YES;
				SWIFT_VERSION = 5.0;
				TARGETED_DEVICE_FAMILY = "1,2";
			};
			name = Debug;
		};
		384129B429EC1B9B0038162B /* Release */ = {
			isa = XCBuildConfiguration;
			buildSettings = {
				ASSETCATALOG_COMPILER_APPICON_NAME = AppIcon;
				ASSETCATALOG_COMPILER_GLOBAL_ACCENT_COLOR_NAME = AccentColor;
				CODE_SIGN_STYLE = Automatic;
				CURRENT_PROJECT_VERSION = 1;
				DEVELOPMENT_ASSET_PATHS = "\"Landmark app/Preview Content\"";
				DEVELOPMENT_TEAM = UX9T3R6839;
				ENABLE_PREVIEWS = YES;
				GENERATE_INFOPLIST_FILE = YES;
				INFOPLIST_KEY_UIApplicationSceneManifest_Generation = YES;
				INFOPLIST_KEY_UIApplicationSupportsIndirectInputEvents = YES;
				INFOPLIST_KEY_UILaunchScreen_Generation = YES;
				INFOPLIST_KEY_UISupportedInterfaceOrientations_iPad = "UIInterfaceOrientationPortrait UIInterfaceOrientationPortraitUpsideDown UIInterfaceOrientationLandscapeLeft UIInterfaceOrientationLandscapeRight";
				INFOPLIST_KEY_UISupportedInterfaceOrientations_iPhone = "UIInterfaceOrientationPortrait UIInterfaceOrientationLandscapeLeft UIInterfaceOrientationLandscapeRight";
				LD_RUNPATH_SEARCH_PATHS = (
					"$(inherited)",
					"@executable_path/Frameworks",
				);
				MARKETING_VERSION = 1.0;
				PRODUCT_BUNDLE_IDENTIFIER = "com.grey.Landmark-app";
				PRODUCT_NAME = "$(TARGET_NAME)";
				SWIFT_EMIT_LOC_STRINGS = YES;
				SWIFT_VERSION = 5.0;
				TARGETED_DEVICE_FAMILY = "1,2";
			};
			name = Release;
		};
/* End XCBuildConfiguration section */

/* Begin XCConfigurationList section */
		3841299F29EC1B990038162B /* Build configuration list for PBXProject "Landmark app" */ = {
			isa = XCConfigurationList;
			buildConfigurations = (
				384129B029EC1B9B0038162B /* Debug */,
				384129B129EC1B9B0038162B /* Release */,
			);
			defaultConfigurationIsVisible = 0;
			defaultConfigurationName = Release;
		};
		384129B229EC1B9B0038162B /* Build configuration list for PBXNativeTarget "Landmark app" */ = {
			isa = XCConfigurationList;
			buildConfigurations = (
				384129B329EC1B9B0038162B /* Debug */,
				384129B429EC1B9B0038162B /* Release */,
			);
			defaultConfigurationIsVisible = 0;
			defaultConfigurationName = Release;
		};
/* End XCConfigurationList section */
	};
	rootObject = 3841299C29EC1B990038162B /* Project object */;
}
